// !$*UTF8*$!
{
	archiveVersion = 1;
	classes = {
	};
	objectVersion = 56;
	objects = {

/* Begin PBXBuildFile section */
		234E69672A891CF8003D21BF /* motion2operate_macApp.swift in Sources */ = {isa = PBXBuildFile; fileRef = 234E69662A891CF8003D21BF /* motion2operate_macApp.swift */; };
		234E69692A891CF8003D21BF /* ContentView.swift in Sources */ = {isa = PBXBuildFile; fileRef = 234E69682A891CF8003D21BF /* ContentView.swift */; };
		234E696B2A891CFA003D21BF /* Assets.xcassets in Resources */ = {isa = PBXBuildFile; fileRef = 234E696A2A891CFA003D21BF /* Assets.xcassets */; };
		234E696E2A891CFA003D21BF /* Preview Assets.xcassets in Resources */ = {isa = PBXBuildFile; fileRef = 234E696D2A891CFA003D21BF /* Preview Assets.xcassets */; };
		23914E482A8928AF00CFF263 /* SwiftAutoGUI in Frameworks */ = {isa = PBXBuildFile; productRef = 23914E472A8928AF00CFF263 /* SwiftAutoGUI */; };
		23BC14CA2A8F9A51001B6CDD /* AppDelegate.swift in Sources */ = {isa = PBXBuildFile; fileRef = 23BC14C92A8F9A51001B6CDD /* AppDelegate.swift */; };
		23EE39792A8922FC0080E996 /* M2OViewModel.swift in Sources */ = {isa = PBXBuildFile; fileRef = 23EE39782A8922FC0080E996 /* M2OViewModel.swift */; };
		23EE397D2A8924540080E996 /* motion2operate-shared in Frameworks */ = {isa = PBXBuildFile; productRef = 23EE397C2A8924540080E996 /* motion2operate-shared */; };
/* End PBXBuildFile section */

/* Begin PBXFileReference section */
		234E69632A891CF8003D21BF /* motion2operate-mac.app */ = {isa = PBXFileReference; explicitFileType = wrapper.application; includeInIndex = 0; path = "motion2operate-mac.app"; sourceTree = BUILT_PRODUCTS_DIR; };
		234E69662A891CF8003D21BF /* motion2operate_macApp.swift */ = {isa = PBXFileReference; lastKnownFileType = sourcecode.swift; path = motion2operate_macApp.swift; sourceTree = "<group>"; };
		234E69682A891CF8003D21BF /* ContentView.swift */ = {isa = PBXFileReference; lastKnownFileType = sourcecode.swift; path = ContentView.swift; sourceTree = "<group>"; };
		234E696A2A891CFA003D21BF /* Assets.xcassets */ = {isa = PBXFileReference; lastKnownFileType = folder.assetcatalog; path = Assets.xcassets; sourceTree = "<group>"; };
		234E696D2A891CFA003D21BF /* Preview Assets.xcassets */ = {isa = PBXFileReference; lastKnownFileType = folder.assetcatalog; path = "Preview Assets.xcassets"; sourceTree = "<group>"; };
		234E696F2A891CFA003D21BF /* motion2operate_mac.entitlements */ = {isa = PBXFileReference; lastKnownFileType = text.plist.entitlements; path = motion2operate_mac.entitlements; sourceTree = "<group>"; };
		23914E492A89BDC900CFF263 /* Info.plist */ = {isa = PBXFileReference; lastKnownFileType = text.plist; path = Info.plist; sourceTree = "<group>"; };
		23BC14C92A8F9A51001B6CDD /* AppDelegate.swift */ = {isa = PBXFileReference; lastKnownFileType = sourcecode.swift; path = AppDelegate.swift; sourceTree = "<group>"; };
		23EE39782A8922FC0080E996 /* M2OViewModel.swift */ = {isa = PBXFileReference; lastKnownFileType = sourcecode.swift; path = M2OViewModel.swift; sourceTree = "<group>"; };
/* End PBXFileReference section */

/* Begin PBXFrameworksBuildPhase section */
		234E69602A891CF8003D21BF /* Frameworks */ = {
			isa = PBXFrameworksBuildPhase;
			buildActionMask = 2147483647;
			files = (
				23EE397D2A8924540080E996 /* motion2operate-shared in Frameworks */,
				23914E482A8928AF00CFF263 /* SwiftAutoGUI in Frameworks */,
			);
			runOnlyForDeploymentPostprocessing = 0;
		};
/* End PBXFrameworksBuildPhase section */

/* Begin PBXGroup section */
		234E695A2A891CF8003D21BF = {
			isa = PBXGroup;
			children = (
				234E69652A891CF8003D21BF /* motion2operate-mac */,
				234E69642A891CF8003D21BF /* Products */,
				23EE39712A8921920080E996 /* Frameworks */,
			);
			sourceTree = "<group>";
		};
		234E69642A891CF8003D21BF /* Products */ = {
			isa = PBXGroup;
			children = (
				234E69632A891CF8003D21BF /* motion2operate-mac.app */,
			);
			name = Products;
			sourceTree = "<group>";
		};
		234E69652A891CF8003D21BF /* motion2operate-mac */ = {
			isa = PBXGroup;
			children = (
				23914E492A89BDC900CFF263 /* Info.plist */,
				234E69662A891CF8003D21BF /* motion2operate_macApp.swift */,
				234E69682A891CF8003D21BF /* ContentView.swift */,
				234E696A2A891CFA003D21BF /* Assets.xcassets */,
				234E696F2A891CFA003D21BF /* motion2operate_mac.entitlements */,
				234E696C2A891CFA003D21BF /* Preview Content */,
				23EE39782A8922FC0080E996 /* M2OViewModel.swift */,
				23BC14C92A8F9A51001B6CDD /* AppDelegate.swift */,
			);
			path = "motion2operate-mac";
			sourceTree = "<group>";
		};
		234E696C2A891CFA003D21BF /* Preview Content */ = {
			isa = PBXGroup;
			children = (
				234E696D2A891CFA003D21BF /* Preview Assets.xcassets */,
			);
			path = "Preview Content";
			sourceTree = "<group>";
		};
		23EE39712A8921920080E996 /* Frameworks */ = {
			isa = PBXGroup;
			children = (
			);
			name = Frameworks;
			sourceTree = "<group>";
		};
/* End PBXGroup section */

/* Begin PBXNativeTarget section */
		234E69622A891CF8003D21BF /* motion2operate-mac */ = {
			isa = PBXNativeTarget;
			buildConfigurationList = 234E69722A891CFA003D21BF /* Build configuration list for PBXNativeTarget "motion2operate-mac" */;
			buildPhases = (
				234E695F2A891CF8003D21BF /* Sources */,
				234E69602A891CF8003D21BF /* Frameworks */,
				234E69612A891CF8003D21BF /* Resources */,
			);
			buildRules = (
			);
			dependencies = (
			);
			name = "motion2operate-mac";
			packageProductDependencies = (
				23EE397C2A8924540080E996 /* motion2operate-shared */,
				23914E472A8928AF00CFF263 /* SwiftAutoGUI */,
			);
			productName = "motion2operate-mac";
			productReference = 234E69632A891CF8003D21BF /* motion2operate-mac.app */;
			productType = "com.apple.product-type.application";
		};
/* End PBXNativeTarget section */

/* Begin PBXProject section */
		234E695B2A891CF8003D21BF /* Project object */ = {
			isa = PBXProject;
			attributes = {
				BuildIndependentTargetsInParallel = 1;
				LastSwiftUpdateCheck = 1430;
				LastUpgradeCheck = 1430;
				TargetAttributes = {
					234E69622A891CF8003D21BF = {
						CreatedOnToolsVersion = 14.3.1;
					};
				};
			};
			buildConfigurationList = 234E695E2A891CF8003D21BF /* Build configuration list for PBXProject "motion2operate-mac" */;
			compatibilityVersion = "Xcode 14.0";
			developmentRegion = en;
			hasScannedForEncodings = 0;
			knownRegions = (
				en,
				Base,
			);
			mainGroup = 234E695A2A891CF8003D21BF;
			packageReferences = (
				23914E462A8928AF00CFF263 /* XCRemoteSwiftPackageReference "SwiftAutoGUI" */,
			);
			productRefGroup = 234E69642A891CF8003D21BF /* Products */;
			projectDirPath = "";
			projectRoot = "";
			targets = (
				234E69622A891CF8003D21BF /* motion2operate-mac */,
			);
		};
/* End PBXProject section */

/* Begin PBXResourcesBuildPhase section */
		234E69612A891CF8003D21BF /* Resources */ = {
			isa = PBXResourcesBuildPhase;
			buildActionMask = 2147483647;
			files = (
				234E696E2A891CFA003D21BF /* Preview Assets.xcassets in Resources */,
				234E696B2A891CFA003D21BF /* Assets.xcassets in Resources */,
			);
			runOnlyForDeploymentPostprocessing = 0;
		};
/* End PBXResourcesBuildPhase section */

/* Begin PBXSourcesBuildPhase section */
		234E695F2A891CF8003D21BF /* Sources */ = {
			isa = PBXSourcesBuildPhase;
			buildActionMask = 2147483647;
			files = (
				234E69692A891CF8003D21BF /* ContentView.swift in Sources */,
				23BC14CA2A8F9A51001B6CDD /* AppDelegate.swift in Sources */,
				234E69672A891CF8003D21BF /* motion2operate_macApp.swift in Sources */,
				23EE39792A8922FC0080E996 /* M2OViewModel.swift in Sources */,
			);
			runOnlyForDeploymentPostprocessing = 0;
		};
/* End PBXSourcesBuildPhase section */

/* Begin XCBuildConfiguration section */
		234E69702A891CFA003D21BF /* Debug */ = {
			isa = XCBuildConfiguration;
			buildSettings = {
				ALWAYS_SEARCH_USER_PATHS = NO;
				CLANG_ANALYZER_NONNULL = YES;
				CLANG_ANALYZER_NUMBER_OBJECT_CONVERSION = YES_AGGRESSIVE;
				CLANG_CXX_LANGUAGE_STANDARD = "gnu++20";
				CLANG_ENABLE_MODULES = YES;
				CLANG_ENABLE_OBJC_ARC = YES;
				CLANG_ENABLE_OBJC_WEAK = YES;
				CLANG_WARN_BLOCK_CAPTURE_AUTORELEASING = YES;
				CLANG_WARN_BOOL_CONVERSION = YES;
				CLANG_WARN_COMMA = YES;
				CLANG_WARN_CONSTANT_CONVERSION = YES;
				CLANG_WARN_DEPRECATED_OBJC_IMPLEMENTATIONS = YES;
				CLANG_WARN_DIRECT_OBJC_ISA_USAGE = YES_ERROR;
				CLANG_WARN_DOCUMENTATION_COMMENTS = YES;
				CLANG_WARN_EMPTY_BODY = YES;
				CLANG_WARN_ENUM_CONVERSION = YES;
				CLANG_WARN_INFINITE_RECURSION = YES;
				CLANG_WARN_INT_CONVERSION = YES;
				CLANG_WARN_NON_LITERAL_NULL_CONVERSION = YES;
				CLANG_WARN_OBJC_IMPLICIT_RETAIN_SELF = YES;
				CLANG_WARN_OBJC_LITERAL_CONVERSION = YES;
				CLANG_WARN_OBJC_ROOT_CLASS = YES_ERROR;
				CLANG_WARN_QUOTED_INCLUDE_IN_FRAMEWORK_HEADER = YES;
				CLANG_WARN_RANGE_LOOP_ANALYSIS = YES;
				CLANG_WARN_STRICT_PROTOTYPES = YES;
				CLANG_WARN_SUSPICIOUS_MOVE = YES;
				CLANG_WARN_UNGUARDED_AVAILABILITY = YES_AGGRESSIVE;
				CLANG_WARN_UNREACHABLE_CODE = YES;
				CLANG_WARN__DUPLICATE_METHOD_MATCH = YES;
				COPY_PHASE_STRIP = NO;
				DEBUG_INFORMATION_FORMAT = dwarf;
				ENABLE_STRICT_OBJC_MSGSEND = YES;
				ENABLE_TESTABILITY = YES;
				GCC_C_LANGUAGE_STANDARD = gnu11;
				GCC_DYNAMIC_NO_PIC = NO;
				GCC_NO_COMMON_BLOCKS = YES;
				GCC_OPTIMIZATION_LEVEL = 0;
				GCC_PREPROCESSOR_DEFINITIONS = (
					"DEBUG=1",
					"$(inherited)",
				);
				GCC_WARN_64_TO_32_BIT_CONVERSION = YES;
				GCC_WARN_ABOUT_RETURN_TYPE = YES_ERROR;
				GCC_WARN_UNDECLARED_SELECTOR = YES;
				GCC_WARN_UNINITIALIZED_AUTOS = YES_AGGRESSIVE;
				GCC_WARN_UNUSED_FUNCTION = YES;
				GCC_WARN_UNUSED_VARIABLE = YES;
				MACOSX_DEPLOYMENT_TARGET = 13.3;
				MTL_ENABLE_DEBUG_INFO = INCLUDE_SOURCE;
				MTL_FAST_MATH = YES;
				ONLY_ACTIVE_ARCH = YES;
				SDKROOT = macosx;
				SWIFT_ACTIVE_COMPILATION_CONDITIONS = DEBUG;
				SWIFT_OPTIMIZATION_LEVEL = "-Onone";
			};
			name = Debug;
		};
		234E69712A891CFA003D21BF /* Release */ = {
			isa = XCBuildConfiguration;
			buildSettings = {
				ALWAYS_SEARCH_USER_PATHS = NO;
				CLANG_ANALYZER_NONNULL = YES;
				CLANG_ANALYZER_NUMBER_OBJECT_CONVERSION = YES_AGGRESSIVE;
				CLANG_CXX_LANGUAGE_STANDARD = "gnu++20";
				CLANG_ENABLE_MODULES = YES;
				CLANG_ENABLE_OBJC_ARC = YES;
				CLANG_ENABLE_OBJC_WEAK = YES;
				CLANG_WARN_BLOCK_CAPTURE_AUTORELEASING = YES;
				CLANG_WARN_BOOL_CONVERSION = YES;
				CLANG_WARN_COMMA = YES;
				CLANG_WARN_CONSTANT_CONVERSION = YES;
				CLANG_WARN_DEPRECATED_OBJC_IMPLEMENTATIONS = YES;
				CLANG_WARN_DIRECT_OBJC_ISA_USAGE = YES_ERROR;
				CLANG_WARN_DOCUMENTATION_COMMENTS = YES;
				CLANG_WARN_EMPTY_BODY = YES;
				CLANG_WARN_ENUM_CONVERSION = YES;
				CLANG_WARN_INFINITE_RECURSION = YES;
				CLANG_WARN_INT_CONVERSION = YES;
				CLANG_WARN_NON_LITERAL_NULL_CONVERSION = YES;
				CLANG_WARN_OBJC_IMPLICIT_RETAIN_SELF = YES;
				CLANG_WARN_OBJC_LITERAL_CONVERSION = YES;
				CLANG_WARN_OBJC_ROOT_CLASS = YES_ERROR;
				CLANG_WARN_QUOTED_INCLUDE_IN_FRAMEWORK_HEADER = YES;
				CLANG_WARN_RANGE_LOOP_ANALYSIS = YES;
				CLANG_WARN_STRICT_PROTOTYPES = YES;
				CLANG_WARN_SUSPICIOUS_MOVE = YES;
				CLANG_WARN_UNGUARDED_AVAILABILITY = YES_AGGRESSIVE;
				CLANG_WARN_UNREACHABLE_CODE = YES;
				CLANG_WARN__DUPLICATE_METHOD_MATCH = YES;
				COPY_PHASE_STRIP = NO;
				DEBUG_INFORMATION_FORMAT = "dwarf-with-dsym";
				ENABLE_NS_ASSERTIONS = NO;
				ENABLE_STRICT_OBJC_MSGSEND = YES;
				GCC_C_LANGUAGE_STANDARD = gnu11;
				GCC_NO_COMMON_BLOCKS = YES;
				GCC_WARN_64_TO_32_BIT_CONVERSION = YES;
				GCC_WARN_ABOUT_RETURN_TYPE = YES_ERROR;
				GCC_WARN_UNDECLARED_SELECTOR = YES;
				GCC_WARN_UNINITIALIZED_AUTOS = YES_AGGRESSIVE;
				GCC_WARN_UNUSED_FUNCTION = YES;
				GCC_WARN_UNUSED_VARIABLE = YES;
				MACOSX_DEPLOYMENT_TARGET = 13.3;
				MTL_ENABLE_DEBUG_INFO = NO;
				MTL_FAST_MATH = YES;
				SDKROOT = macosx;
				SWIFT_COMPILATION_MODE = wholemodule;
				SWIFT_OPTIMIZATION_LEVEL = "-O";
			};
			name = Release;
		};
		234E69732A891CFA003D21BF /* Debug */ = {
			isa = XCBuildConfiguration;
			buildSettings = {
				ASSETCATALOG_COMPILER_APPICON_NAME = AppIcon;
				ASSETCATALOG_COMPILER_GLOBAL_ACCENT_COLOR_NAME = AccentColor;
				CODE_SIGN_ENTITLEMENTS = "motion2operate-mac/motion2operate_mac.entitlements";
				CODE_SIGN_STYLE = Automatic;
				COMBINE_HIDPI_IMAGES = YES;
				CURRENT_PROJECT_VERSION = 1;
				DEVELOPMENT_ASSET_PATHS = "\"motion2operate-mac/Preview Content\"";
				DEVELOPMENT_TEAM = YX6B69FS7M;
				ENABLE_HARDENED_RUNTIME = YES;
				ENABLE_PREVIEWS = YES;
				GENERATE_INFOPLIST_FILE = YES;
				INFOPLIST_FILE = "motion2operate-mac/Info.plist";
				INFOPLIST_KEY_NSHumanReadableCopyright = "";
				INFOPLIST_KEY_NSLocalNetworkUsageDescription = "iOSとの通信に使います";
				LD_RUNPATH_SEARCH_PATHS = (
					"$(inherited)",
					"@executable_path/../Frameworks",
				);
				MARKETING_VERSION = 1.0;
				PRODUCT_BUNDLE_IDENTIFIER = "com.n.rei.motion2operate-mac";
				PRODUCT_NAME = "$(TARGET_NAME)";
				SWIFT_EMIT_LOC_STRINGS = YES;
				SWIFT_VERSION = 5.0;
			};
			name = Debug;
		};
		234E69742A891CFA003D21BF /* Release */ = {
			isa = XCBuildConfiguration;
			buildSettings = {
				ASSETCATALOG_COMPILER_APPICON_NAME = AppIcon;
				ASSETCATALOG_COMPILER_GLOBAL_ACCENT_COLOR_NAME = AccentColor;
				CODE_SIGN_ENTITLEMENTS = "motion2operate-mac/motion2operate_mac.entitlements";
				CODE_SIGN_STYLE = Automatic;
				COMBINE_HIDPI_IMAGES = YES;
				CURRENT_PROJECT_VERSION = 1;
				DEVELOPMENT_ASSET_PATHS = "\"motion2operate-mac/Preview Content\"";
				DEVELOPMENT_TEAM = YX6B69FS7M;
				ENABLE_HARDENED_RUNTIME = YES;
				ENABLE_PREVIEWS = YES;
				GENERATE_INFOPLIST_FILE = YES;
				INFOPLIST_FILE = "motion2operate-mac/Info.plist";
				INFOPLIST_KEY_NSHumanReadableCopyright = "";
				INFOPLIST_KEY_NSLocalNetworkUsageDescription = "iOSとの通信に使います";
				LD_RUNPATH_SEARCH_PATHS = (
					"$(inherited)",
					"@executable_path/../Frameworks",
				);
				MARKETING_VERSION = 1.0;
				PRODUCT_BUNDLE_IDENTIFIER = "com.n.rei.motion2operate-mac";
				PRODUCT_NAME = "$(TARGET_NAME)";
				SWIFT_EMIT_LOC_STRINGS = YES;
				SWIFT_VERSION = 5.0;
			};
			name = Release;
		};
/* End XCBuildConfiguration section */

/* Begin XCConfigurationList section */
		234E695E2A891CF8003D21BF /* Build configuration list for PBXProject "motion2operate-mac" */ = {
			isa = XCConfigurationList;
			buildConfigurations = (
				234E69702A891CFA003D21BF /* Debug */,
				234E69712A891CFA003D21BF /* Release */,
			);
			defaultConfigurationIsVisible = 0;
			defaultConfigurationName = Release;
		};
		234E69722A891CFA003D21BF /* Build configuration list for PBXNativeTarget "motion2operate-mac" */ = {
			isa = XCConfigurationList;
			buildConfigurations = (
				234E69732A891CFA003D21BF /* Debug */,
				234E69742A891CFA003D21BF /* Release */,
			);
			defaultConfigurationIsVisible = 0;
			defaultConfigurationName = Release;
		};
/* End XCConfigurationList section */

/* Begin XCRemoteSwiftPackageReference section */
		23914E462A8928AF00CFF263 /* XCRemoteSwiftPackageReference "SwiftAutoGUI" */ = {
			isa = XCRemoteSwiftPackageReference;
			repositoryURL = "https://github.com/NakaokaRei/SwiftAutoGUI";
			requirement = {
				branch = master;
				kind = branch;
			};
		};
/* End XCRemoteSwiftPackageReference section */

/* Begin XCSwiftPackageProductDependency section */
		23914E472A8928AF00CFF263 /* SwiftAutoGUI */ = {
			isa = XCSwiftPackageProductDependency;
			package = 23914E462A8928AF00CFF263 /* XCRemoteSwiftPackageReference "SwiftAutoGUI" */;
			productName = SwiftAutoGUI;
		};
		23EE397C2A8924540080E996 /* motion2operate-shared */ = {
			isa = XCSwiftPackageProductDependency;
			productName = "motion2operate-shared";
		};
/* End XCSwiftPackageProductDependency section */
	};
	rootObject = 234E695B2A891CF8003D21BF /* Project object */;
}
