// !$*UTF8*$!
{
	archiveVersion = 1;
	classes = {
	};
	objectVersion = 56;
	objects = {

/* Begin PBXBuildFile section */
		234E69822A891D31003D21BF /* motion2operate_iOSApp.swift in Sources */ = {isa = PBXBuildFile; fileRef = 234E69812A891D31003D21BF /* motion2operate_iOSApp.swift */; };
		234E69842A891D31003D21BF /* ContentView.swift in Sources */ = {isa = PBXBuildFile; fileRef = 234E69832A891D31003D21BF /* ContentView.swift */; };
		234E69862A891D32003D21BF /* Assets.xcassets in Resources */ = {isa = PBXBuildFile; fileRef = 234E69852A891D32003D21BF /* Assets.xcassets */; };
		234E69892A891D32003D21BF /* Preview Assets.xcassets in Resources */ = {isa = PBXBuildFile; fileRef = 234E69882A891D32003D21BF /* Preview Assets.xcassets */; };
		23914E4B2A89C18200CFF263 /* CoreMotionManager.swift in Sources */ = {isa = PBXBuildFile; fileRef = 23914E4A2A89C18200CFF263 /* CoreMotionManager.swift */; };
		23914E4D2A89CD4F00CFF263 /* SK3DView.swift in Sources */ = {isa = PBXBuildFile; fileRef = 23914E4C2A89CD4F00CFF263 /* SK3DView.swift */; };
		23EE397B2A8924460080E996 /* motion2operate-shared in Frameworks */ = {isa = PBXBuildFile; productRef = 23EE397A2A8924460080E996 /* motion2operate-shared */; };
/* End PBXBuildFile section */

/* Begin PBXFileReference section */
		234E697E2A891D31003D21BF /* motion2operate-iOS.app */ = {isa = PBXFileReference; explicitFileType = wrapper.application; includeInIndex = 0; path = "motion2operate-iOS.app"; sourceTree = BUILT_PRODUCTS_DIR; };
		234E69812A891D31003D21BF /* motion2operate_iOSApp.swift */ = {isa = PBXFileReference; lastKnownFileType = sourcecode.swift; path = motion2operate_iOSApp.swift; sourceTree = "<group>"; };
		234E69832A891D31003D21BF /* ContentView.swift */ = {isa = PBXFileReference; lastKnownFileType = sourcecode.swift; path = ContentView.swift; sourceTree = "<group>"; };
		234E69852A891D32003D21BF /* Assets.xcassets */ = {isa = PBXFileReference; lastKnownFileType = folder.assetcatalog; path = Assets.xcassets; sourceTree = "<group>"; };
		234E69882A891D32003D21BF /* Preview Assets.xcassets */ = {isa = PBXFileReference; lastKnownFileType = folder.assetcatalog; path = "Preview Assets.xcassets"; sourceTree = "<group>"; };
		23914E452A89258F00CFF263 /* Info.plist */ = {isa = PBXFileReference; lastKnownFileType = text.plist; path = Info.plist; sourceTree = "<group>"; };
		23914E4A2A89C18200CFF263 /* CoreMotionManager.swift */ = {isa = PBXFileReference; lastKnownFileType = sourcecode.swift; path = CoreMotionManager.swift; sourceTree = "<group>"; };
		23914E4C2A89CD4F00CFF263 /* SK3DView.swift */ = {isa = PBXFileReference; lastKnownFileType = sourcecode.swift; path = SK3DView.swift; sourceTree = "<group>"; };
/* End PBXFileReference section */

/* Begin PBXFrameworksBuildPhase section */
		234E697B2A891D31003D21BF /* Frameworks */ = {
			isa = PBXFrameworksBuildPhase;
			buildActionMask = 2147483647;
			files = (
				23EE397B2A8924460080E996 /* motion2operate-shared in Frameworks */,
			);
			runOnlyForDeploymentPostprocessing = 0;
		};
/* End PBXFrameworksBuildPhase section */

/* Begin PBXGroup section */
		234E69752A891D31003D21BF = {
			isa = PBXGroup;
			children = (
				234E69802A891D31003D21BF /* motion2operate-iOS */,
				234E697F2A891D31003D21BF /* Products */,
				23EE396E2A8921880080E996 /* Frameworks */,
			);
			sourceTree = "<group>";
		};
		234E697F2A891D31003D21BF /* Products */ = {
			isa = PBXGroup;
			children = (
				234E697E2A891D31003D21BF /* motion2operate-iOS.app */,
			);
			name = Products;
			sourceTree = "<group>";
		};
		234E69802A891D31003D21BF /* motion2operate-iOS */ = {
			isa = PBXGroup;
			children = (
				23914E452A89258F00CFF263 /* Info.plist */,
				234E69812A891D31003D21BF /* motion2operate_iOSApp.swift */,
				234E69832A891D31003D21BF /* ContentView.swift */,
				234E69852A891D32003D21BF /* Assets.xcassets */,
				234E69872A891D32003D21BF /* Preview Content */,
				23914E4A2A89C18200CFF263 /* CoreMotionManager.swift */,
				23914E4C2A89CD4F00CFF263 /* SK3DView.swift */,
			);
			path = "motion2operate-iOS";
			sourceTree = "<group>";
		};
		234E69872A891D32003D21BF /* Preview Content */ = {
			isa = PBXGroup;
			children = (
				234E69882A891D32003D21BF /* Preview Assets.xcassets */,
			);
			path = "Preview Content";
			sourceTree = "<group>";
		};
		23EE396E2A8921880080E996 /* Frameworks */ = {
			isa = PBXGroup;
			children = (
			);
			name = Frameworks;
			sourceTree = "<group>";
		};
/* End PBXGroup section */

/* Begin PBXNativeTarget section */
		234E697D2A891D31003D21BF /* motion2operate-iOS */ = {
			isa = PBXNativeTarget;
			buildConfigurationList = 234E698C2A891D32003D21BF /* Build configuration list for PBXNativeTarget "motion2operate-iOS" */;
			buildPhases = (
				234E697A2A891D31003D21BF /* Sources */,
				234E697B2A891D31003D21BF /* Frameworks */,
				234E697C2A891D31003D21BF /* Resources */,
			);
			buildRules = (
			);
			dependencies = (
			);
			name = "motion2operate-iOS";
			packageProductDependencies = (
				23EE397A2A8924460080E996 /* motion2operate-shared */,
			);
			productName = "motion2operate-iOS";
			productReference = 234E697E2A891D31003D21BF /* motion2operate-iOS.app */;
			productType = "com.apple.product-type.application";
		};
/* End PBXNativeTarget section */

/* Begin PBXProject section */
		234E69762A891D31003D21BF /* Project object */ = {
			isa = PBXProject;
			attributes = {
				BuildIndependentTargetsInParallel = 1;
				LastSwiftUpdateCheck = 1430;
				LastUpgradeCheck = 1430;
				TargetAttributes = {
					234E697D2A891D31003D21BF = {
						CreatedOnToolsVersion = 14.3.1;
					};
				};
			};
			buildConfigurationList = 234E69792A891D31003D21BF /* Build configuration list for PBXProject "motion2operate-iOS" */;
			compatibilityVersion = "Xcode 14.0";
			developmentRegion = en;
			hasScannedForEncodings = 0;
			knownRegions = (
				en,
				Base,
			);
			mainGroup = 234E69752A891D31003D21BF;
			productRefGroup = 234E697F2A891D31003D21BF /* Products */;
			projectDirPath = "";
			projectRoot = "";
			targets = (
				234E697D2A891D31003D21BF /* motion2operate-iOS */,
			);
		};
/* End PBXProject section */

/* Begin PBXResourcesBuildPhase section */
		234E697C2A891D31003D21BF /* Resources */ = {
			isa = PBXResourcesBuildPhase;
			buildActionMask = 2147483647;
			files = (
				234E69892A891D32003D21BF /* Preview Assets.xcassets in Resources */,
				234E69862A891D32003D21BF /* Assets.xcassets in Resources */,
			);
			runOnlyForDeploymentPostprocessing = 0;
		};
/* End PBXResourcesBuildPhase section */

/* Begin PBXSourcesBuildPhase section */
		234E697A2A891D31003D21BF /* Sources */ = {
			isa = PBXSourcesBuildPhase;
			buildActionMask = 2147483647;
			files = (
				234E69842A891D31003D21BF /* ContentView.swift in Sources */,
				23914E4D2A89CD4F00CFF263 /* SK3DView.swift in Sources */,
				23914E4B2A89C18200CFF263 /* CoreMotionManager.swift in Sources */,
				234E69822A891D31003D21BF /* motion2operate_iOSApp.swift in Sources */,
			);
			runOnlyForDeploymentPostprocessing = 0;
		};
/* End PBXSourcesBuildPhase section */

/* Begin XCBuildConfiguration section */
		234E698A2A891D32003D21BF /* Debug */ = {
			isa = XCBuildConfiguration;
			buildSettings = {
				ALWAYS_SEARCH_USER_PATHS = NO;
				CLANG_ANALYZER_NONNULL = YES;
				CLANG_ANALYZER_NUMBER_OBJECT_CONVERSION = YES_AGGRESSIVE;
				CLANG_CXX_LANGUAGE_STANDARD = "gnu++20";
				CLANG_ENABLE_MODULES = YES;
				CLANG_ENABLE_OBJC_ARC = YES;
				CLANG_ENABLE_OBJC_WEAK = YES;
				CLANG_WARN_BLOCK_CAPTURE_AUTORELEASING = YES;
				CLANG_WARN_BOOL_CONVERSION = YES;
				CLANG_WARN_COMMA = YES;
				CLANG_WARN_CONSTANT_CONVERSION = YES;
				CLANG_WARN_DEPRECATED_OBJC_IMPLEMENTATIONS = YES;
				CLANG_WARN_DIRECT_OBJC_ISA_USAGE = YES_ERROR;
				CLANG_WARN_DOCUMENTATION_COMMENTS = YES;
				CLANG_WARN_EMPTY_BODY = YES;
				CLANG_WARN_ENUM_CONVERSION = YES;
				CLANG_WARN_INFINITE_RECURSION = YES;
				CLANG_WARN_INT_CONVERSION = YES;
				CLANG_WARN_NON_LITERAL_NULL_CONVERSION = YES;
				CLANG_WARN_OBJC_IMPLICIT_RETAIN_SELF = YES;
				CLANG_WARN_OBJC_LITERAL_CONVERSION = YES;
				CLANG_WARN_OBJC_ROOT_CLASS = YES_ERROR;
				CLANG_WARN_QUOTED_INCLUDE_IN_FRAMEWORK_HEADER = YES;
				CLANG_WARN_RANGE_LOOP_ANALYSIS = YES;
				CLANG_WARN_STRICT_PROTOTYPES = YES;
				CLANG_WARN_SUSPICIOUS_MOVE = YES;
				CLANG_WARN_UNGUARDED_AVAILABILITY = YES_AGGRESSIVE;
				CLANG_WARN_UNREACHABLE_CODE = YES;
				CLANG_WARN__DUPLICATE_METHOD_MATCH = YES;
				COPY_PHASE_STRIP = NO;
				DEBUG_INFORMATION_FORMAT = dwarf;
				ENABLE_STRICT_OBJC_MSGSEND = YES;
				ENABLE_TESTABILITY = YES;
				GCC_C_LANGUAGE_STANDARD = gnu11;
				GCC_DYNAMIC_NO_PIC = NO;
				GCC_NO_COMMON_BLOCKS = YES;
				GCC_OPTIMIZATION_LEVEL = 0;
				GCC_PREPROCESSOR_DEFINITIONS = (
					"DEBUG=1",
					"$(inherited)",
				);
				GCC_WARN_64_TO_32_BIT_CONVERSION = YES;
				GCC_WARN_ABOUT_RETURN_TYPE = YES_ERROR;
				GCC_WARN_UNDECLARED_SELECTOR = YES;
				GCC_WARN_UNINITIALIZED_AUTOS = YES_AGGRESSIVE;
				GCC_WARN_UNUSED_FUNCTION = YES;
				GCC_WARN_UNUSED_VARIABLE = YES;
				IPHONEOS_DEPLOYMENT_TARGET = 16.4;
				MTL_ENABLE_DEBUG_INFO = INCLUDE_SOURCE;
				MTL_FAST_MATH = YES;
				ONLY_ACTIVE_ARCH = YES;
				SDKROOT = iphoneos;
				SWIFT_ACTIVE_COMPILATION_CONDITIONS = DEBUG;
				SWIFT_OPTIMIZATION_LEVEL = "-Onone";
			};
			name = Debug;
		};
		234E698B2A891D32003D21BF /* Release */ = {
			isa = XCBuildConfiguration;
			buildSettings = {
				ALWAYS_SEARCH_USER_PATHS = NO;
				CLANG_ANALYZER_NONNULL = YES;
				CLANG_ANALYZER_NUMBER_OBJECT_CONVERSION = YES_AGGRESSIVE;
				CLANG_CXX_LANGUAGE_STANDARD = "gnu++20";
				CLANG_ENABLE_MODULES = YES;
				CLANG_ENABLE_OBJC_ARC = YES;
				CLANG_ENABLE_OBJC_WEAK = YES;
				CLANG_WARN_BLOCK_CAPTURE_AUTORELEASING = YES;
				CLANG_WARN_BOOL_CONVERSION = YES;
				CLANG_WARN_COMMA = YES;
				CLANG_WARN_CONSTANT_CONVERSION = YES;
				CLANG_WARN_DEPRECATED_OBJC_IMPLEMENTATIONS = YES;
				CLANG_WARN_DIRECT_OBJC_ISA_USAGE = YES_ERROR;
				CLANG_WARN_DOCUMENTATION_COMMENTS = YES;
				CLANG_WARN_EMPTY_BODY = YES;
				CLANG_WARN_ENUM_CONVERSION = YES;
				CLANG_WARN_INFINITE_RECURSION = YES;
				CLANG_WARN_INT_CONVERSION = YES;
				CLANG_WARN_NON_LITERAL_NULL_CONVERSION = YES;
				CLANG_WARN_OBJC_IMPLICIT_RETAIN_SELF = YES;
				CLANG_WARN_OBJC_LITERAL_CONVERSION = YES;
				CLANG_WARN_OBJC_ROOT_CLASS = YES_ERROR;
				CLANG_WARN_QUOTED_INCLUDE_IN_FRAMEWORK_HEADER = YES;
				CLANG_WARN_RANGE_LOOP_ANALYSIS = YES;
				CLANG_WARN_STRICT_PROTOTYPES = YES;
				CLANG_WARN_SUSPICIOUS_MOVE = YES;
				CLANG_WARN_UNGUARDED_AVAILABILITY = YES_AGGRESSIVE;
				CLANG_WARN_UNREACHABLE_CODE = YES;
				CLANG_WARN__DUPLICATE_METHOD_MATCH = YES;
				COPY_PHASE_STRIP = NO;
				DEBUG_INFORMATION_FORMAT = "dwarf-with-dsym";
				ENABLE_NS_ASSERTIONS = NO;
				ENABLE_STRICT_OBJC_MSGSEND = YES;
				GCC_C_LANGUAGE_STANDARD = gnu11;
				GCC_NO_COMMON_BLOCKS = YES;
				GCC_WARN_64_TO_32_BIT_CONVERSION = YES;
				GCC_WARN_ABOUT_RETURN_TYPE = YES_ERROR;
				GCC_WARN_UNDECLARED_SELECTOR = YES;
				GCC_WARN_UNINITIALIZED_AUTOS = YES_AGGRESSIVE;
				GCC_WARN_UNUSED_FUNCTION = YES;
				GCC_WARN_UNUSED_VARIABLE = YES;
				IPHONEOS_DEPLOYMENT_TARGET = 16.4;
				MTL_ENABLE_DEBUG_INFO = NO;
				MTL_FAST_MATH = YES;
				SDKROOT = iphoneos;
				SWIFT_COMPILATION_MODE = wholemodule;
				SWIFT_OPTIMIZATION_LEVEL = "-O";
				VALIDATE_PRODUCT = YES;
			};
			name = Release;
		};
		234E698D2A891D32003D21BF /* Debug */ = {
			isa = XCBuildConfiguration;
			buildSettings = {
				ASSETCATALOG_COMPILER_APPICON_NAME = AppIcon;
				ASSETCATALOG_COMPILER_GLOBAL_ACCENT_COLOR_NAME = AccentColor;
				CODE_SIGN_STYLE = Automatic;
				CURRENT_PROJECT_VERSION = 1;
				DEVELOPMENT_ASSET_PATHS = "\"motion2operate-iOS/Preview Content\"";
				DEVELOPMENT_TEAM = YX6B69FS7M;
				ENABLE_PREVIEWS = YES;
				GENERATE_INFOPLIST_FILE = YES;
				INFOPLIST_FILE = "motion2operate-iOS/Info.plist";
				INFOPLIST_KEY_NSLocalNetworkUsageDescription = "macとの通信に使います";
				INFOPLIST_KEY_NSMotionUsageDescription = "AIrPods Proのセンサを使用します";
				INFOPLIST_KEY_UIApplicationSceneManifest_Generation = YES;
				INFOPLIST_KEY_UIApplicationSupportsIndirectInputEvents = YES;
				INFOPLIST_KEY_UILaunchScreen_Generation = YES;
				INFOPLIST_KEY_UISupportedInterfaceOrientations_iPad = "UIInterfaceOrientationPortrait UIInterfaceOrientationPortraitUpsideDown UIInterfaceOrientationLandscapeLeft UIInterfaceOrientationLandscapeRight";
				INFOPLIST_KEY_UISupportedInterfaceOrientations_iPhone = "UIInterfaceOrientationPortrait UIInterfaceOrientationLandscapeLeft UIInterfaceOrientationLandscapeRight";
				LD_RUNPATH_SEARCH_PATHS = (
					"$(inherited)",
					"@executable_path/Frameworks",
				);
				MARKETING_VERSION = 1.0;
				PRODUCT_BUNDLE_IDENTIFIER = "com.n.rei.motion2operate-iOS";
				PRODUCT_NAME = "$(TARGET_NAME)";
				SWIFT_EMIT_LOC_STRINGS = YES;
				SWIFT_VERSION = 5.0;
				TARGETED_DEVICE_FAMILY = "1,2";
			};
			name = Debug;
		};
		234E698E2A891D32003D21BF /* Release */ = {
			isa = XCBuildConfiguration;
			buildSettings = {
				ASSETCATALOG_COMPILER_APPICON_NAME = AppIcon;
				ASSETCATALOG_COMPILER_GLOBAL_ACCENT_COLOR_NAME = AccentColor;
				CODE_SIGN_STYLE = Automatic;
				CURRENT_PROJECT_VERSION = 1;
				DEVELOPMENT_ASSET_PATHS = "\"motion2operate-iOS/Preview Content\"";
				DEVELOPMENT_TEAM = YX6B69FS7M;
				ENABLE_PREVIEWS = YES;
				GENERATE_INFOPLIST_FILE = YES;
				INFOPLIST_FILE = "motion2operate-iOS/Info.plist";
				INFOPLIST_KEY_NSLocalNetworkUsageDescription = "macとの通信に使います";
				INFOPLIST_KEY_NSMotionUsageDescription = "AIrPods Proのセンサを使用します";
				INFOPLIST_KEY_UIApplicationSceneManifest_Generation = YES;
				INFOPLIST_KEY_UIApplicationSupportsIndirectInputEvents = YES;
				INFOPLIST_KEY_UILaunchScreen_Generation = YES;
				INFOPLIST_KEY_UISupportedInterfaceOrientations_iPad = "UIInterfaceOrientationPortrait UIInterfaceOrientationPortraitUpsideDown UIInterfaceOrientationLandscapeLeft UIInterfaceOrientationLandscapeRight";
				INFOPLIST_KEY_UISupportedInterfaceOrientations_iPhone = "UIInterfaceOrientationPortrait UIInterfaceOrientationLandscapeLeft UIInterfaceOrientationLandscapeRight";
				LD_RUNPATH_SEARCH_PATHS = (
					"$(inherited)",
					"@executable_path/Frameworks",
				);
				MARKETING_VERSION = 1.0;
				PRODUCT_BUNDLE_IDENTIFIER = "com.n.rei.motion2operate-iOS";
				PRODUCT_NAME = "$(TARGET_NAME)";
				SWIFT_EMIT_LOC_STRINGS = YES;
				SWIFT_VERSION = 5.0;
				TARGETED_DEVICE_FAMILY = "1,2";
			};
			name = Release;
		};
/* End XCBuildConfiguration section */

/* Begin XCConfigurationList section */
		234E69792A891D31003D21BF /* Build configuration list for PBXProject "motion2operate-iOS" */ = {
			isa = XCConfigurationList;
			buildConfigurations = (
				234E698A2A891D32003D21BF /* Debug */,
				234E698B2A891D32003D21BF /* Release */,
			);
			defaultConfigurationIsVisible = 0;
			defaultConfigurationName = Release;
		};
		234E698C2A891D32003D21BF /* Build configuration list for PBXNativeTarget "motion2operate-iOS" */ = {
			isa = XCConfigurationList;
			buildConfigurations = (
				234E698D2A891D32003D21BF /* Debug */,
				234E698E2A891D32003D21BF /* Release */,
			);
			defaultConfigurationIsVisible = 0;
			defaultConfigurationName = Release;
		};
/* End XCConfigurationList section */

/* Begin XCSwiftPackageProductDependency section */
		23EE397A2A8924460080E996 /* motion2operate-shared */ = {
			isa = XCSwiftPackageProductDependency;
			productName = "motion2operate-shared";
		};
/* End XCSwiftPackageProductDependency section */
	};
	rootObject = 234E69762A891D31003D21BF /* Project object */;
}
